
Microsoft Visual Studio Solution File, Format Version 12.00
# Visual Studio Version 16
VisualStudioVersion = 16.0.29911.84
MinimumVisualStudioVersion = 10.0.40219.1
Project("{9A19103F-16F7-4668-BE54-9A1E7A4F7556}") = "WebCompiler", "WebCompiler\WebCompiler.csproj", "{B714B5B9-27C4-443C-9517-FE5C5EF46EA2}"
EndProject
Project("{9A19103F-16F7-4668-BE54-9A1E7A4F7556}") = "Tests_WebCompiler", "Tests_WebCompiler\Tests_WebCompiler.csproj", "{E5BAB3D9-6B08-4221-91F8-09EBF8F7C7D1}"
EndProject
Global
	GlobalSection(SolutionConfigurationPlatforms) = preSolution
		Debug|Any CPU = Debug|Any CPU
		Release|Any CPU = Release|Any CPU
	EndGlobalSection
	GlobalSection(ProjectConfigurationPlatforms) = postSolution
		{B714B5B9-27C4-443C-9517-FE5C5EF46EA2}.Debug|Any CPU.ActiveCfg = Debug|Any CPU
		{B714B5B9-27C4-443C-9517-FE5C5EF46EA2}.Debug|Any CPU.Build.0 = Debug|Any CPU
		{B714B5B9-27C4-443C-9517-FE5C5EF46EA2}.Release|Any CPU.ActiveCfg = Release|Any CPU
		{B714B5B9-27C4-443C-9517-FE5C5EF46EA2}.Release|Any CPU.Build.0 = Release|Any CPU
		{E5BAB3D9-6B08-4221-91F8-09EBF8F7C7D1}.Debug|Any CPU.ActiveCfg = Debug|Any CPU
		{E5BAB3D9-6B08-4221-91F8-09EBF8F7C7D1}.Debug|Any CPU.Build.0 = Debug|Any CPU
		{E5BAB3D9-6B08-4221-91F8-09EBF8F7C7D1}.Release|Any CPU.ActiveCfg = Release|Any CPU
		{E5BAB3D9-6B08-4221-91F8-09EBF8F7C7D1}.Release|Any CPU.Build.0 = Release|Any CPU
	EndGlobalSection
	GlobalSection(SolutionProperties) = preSolution
		HideSolutionNode = FALSE
	EndGlobalSection
	GlobalSection(ExtensibilityGlobals) = postSolution
		SolutionGuid = {E2318AB0-E478-44E4-8CBF-3218CEB351BC}
	EndGlobalSection
EndGlobal
