
Microsoft Visual Studio Solution File, Format Version 12.00
# Visual Studio Version 16
VisualStudioVersion = 16.0.29911.84
MinimumVisualStudioVersion = 10.0.40219.1
Project("{9A19103F-16F7-4668-BE54-9A1E7A4F7556}") = "WebCompiler", "WebCompiler\WebCompiler.csproj", "{B714B5B9-27C4-443C-9517-FE5C5EF46EA2}"
EndProject
Project("{9A19103F-16F7-4668-BE54-9A1E7A4F7556}") = "Tests_WebCompiler", "Tests_WebCompiler\Tests_WebCompiler.csproj", "{5B5E664E-542C-4C15-A512-0BD4B87DC21E}"
EndProject
Project("{2150E333-8FDC-42A3-9474-1A3956D46DE8}") = "Solution Items", "Solution Items", "{D4948B41-1D6B-4FF5-B7CB-1E76B1A660D6}"
	ProjectSection(SolutionItems) = preProject
		README.md = README.md
	EndProjectSection
EndProject
Global
	GlobalSection(SolutionConfigurationPlatforms) = preSolution
		Debug|Any CPU = Debug|Any CPU
		Release|Any CPU = Release|Any CPU
	EndGlobalSection
	GlobalSection(ProjectConfigurationPlatforms) = postSolution
		{B714B5B9-27C4-443C-9517-FE5C5EF46EA2}.Debug|Any CPU.ActiveCfg = Debug|Any CPU
		{B714B5B9-27C4-443C-9517-FE5C5EF46EA2}.Debug|Any CPU.Build.0 = Debug|Any CPU
		{B714B5B9-27C4-443C-9517-FE5C5EF46EA2}.Release|Any CPU.ActiveCfg = Release|Any CPU
		{B714B5B9-27C4-443C-9517-FE5C5EF46EA2}.Release|Any CPU.Build.0 = Release|Any CPU
		{5B5E664E-542C-4C15-A512-0BD4B87DC21E}.Debug|Any CPU.ActiveCfg = Debug|Any CPU
		{5B5E664E-542C-4C15-A512-0BD4B87DC21E}.Debug|Any CPU.Build.0 = Debug|Any CPU
		{5B5E664E-542C-4C15-A512-0BD4B87DC21E}.Release|Any CPU.ActiveCfg = Release|Any CPU
		{5B5E664E-542C-4C15-A512-0BD4B87DC21E}.Release|Any CPU.Build.0 = Release|Any CPU
	EndGlobalSection
	GlobalSection(SolutionProperties) = preSolution
		HideSolutionNode = FALSE
	EndGlobalSection
	GlobalSection(ExtensibilityGlobals) = postSolution
		SolutionGuid = {E2318AB0-E478-44E4-8CBF-3218CEB351BC}
	EndGlobalSection
EndGlobal
